
Microsoft Visual Studio Solution File, Format Version 12.00
# Visual Studio Version 17
VisualStudioVersion = 17.14.36414.22 d17.14
MinimumVisualStudioVersion = 10.0.40219.1
Project("{FAE04EC0-301F-11D3-BF4B-00C04F79EFBC}") = "Log-Up", "Log-Up.csproj", "{50CF6580-7F96-4EE1-8BBA-80D9CE1AAED4}"
EndProject
Global
	GlobalSection(SolutionConfigurationPlatforms) = preSolution
		Debug|Any CPU = Debug|Any CPU
		Release|Any CPU = Release|Any CPU
	EndGlobalSection
	GlobalSection(ProjectConfigurationPlatforms) = postSolution
		{50CF6580-7F96-4EE1-8BBA-80D9CE1AAED4}.Debug|Any CPU.ActiveCfg = Debug|Any CPU
		{50CF6580-7F96-4EE1-8BBA-80D9CE1AAED4}.Debug|Any CPU.Build.0 = Debug|Any CPU
		{50CF6580-7F96-4EE1-8BBA-80D9CE1AAED4}.Release|Any CPU.ActiveCfg = Release|Any CPU
		{50CF6580-7F96-4EE1-8BBA-80D9CE1AAED4}.Release|Any CPU.Build.0 = Release|Any CPU
	EndGlobalSection
	GlobalSection(SolutionProperties) = preSolution
		HideSolutionNode = FALSE
	EndGlobalSection
	GlobalSection(ExtensibilityGlobals) = postSolution
		SolutionGuid = {695D34C1-56CA-4C92-9055-AF1DB4A07A94}
	EndGlobalSection
EndGlobal
